// !$*UTF8*$!
{
	archiveVersion = 1;
	classes = {
	};
	objectVersion = 50;
	objects = {

/* Begin PBXBuildFile section */
		293D811B219BFBD2007F2156 /* AppDelegate.m in Sources */ = {isa = PBXBuildFile; fileRef = 293D811A219BFBD2007F2156 /* AppDelegate.m */; };
		293D811E219BFBD2007F2156 /* ViewController.m in Sources */ = {isa = PBXBuildFile; fileRef = 293D811D219BFBD2007F2156 /* ViewController.m */; };
		293D8121219BFBD2007F2156 /* Main.storyboard in Resources */ = {isa = PBXBuildFile; fileRef = 293D811F219BFBD2007F2156 /* Main.storyboard */; };
		293D8123219BFBD6007F2156 /* Assets.xcassets in Resources */ = {isa = PBXBuildFile; fileRef = 293D8122219BFBD6007F2156 /* Assets.xcassets */; };
		293D8126219BFBD6007F2156 /* LaunchScreen.storyboard in Resources */ = {isa = PBXBuildFile; fileRef = 293D8124219BFBD6007F2156 /* LaunchScreen.storyboard */; };
		293D8129219BFBD6007F2156 /* main.m in Sources */ = {isa = PBXBuildFile; fileRef = 293D8128219BFBD6007F2156 /* main.m */; };
		293D8133219BFBD6007F2156 /* iOS_StartBackgroundTaskTests.m in Sources */ = {isa = PBXBuildFile; fileRef = 293D8132219BFBD6007F2156 /* iOS_StartBackgroundTaskTests.m */; };
		293D813E219BFBD6007F2156 /* iOS_StartBackgroundTaskUITests.m in Sources */ = {isa = PBXBuildFile; fileRef = 293D813D219BFBD6007F2156 /* iOS_StartBackgroundTaskUITests.m */; };
		293D814D219BFC03007F2156 /* BackgroundTask.m in Sources */ = {isa = PBXBuildFile; fileRef = 293D814C219BFC03007F2156 /* BackgroundTask.m */; };
/* End PBXBuildFile section */

/* Begin PBXContainerItemProxy section */
		293D812F219BFBD6007F2156 /* PBXContainerItemProxy */ = {
			isa = PBXContainerItemProxy;
			containerPortal = 293D810E219BFBD2007F2156 /* Project object */;
			proxyType = 1;
			remoteGlobalIDString = 293D8115219BFBD2007F2156;
			remoteInfo = iOS_StartBackgroundTask;
		};
		293D813A219BFBD6007F2156 /* PBXContainerItemProxy */ = {
			isa = PBXContainerItemProxy;
			containerPortal = 293D810E219BFBD2007F2156 /* Project object */;
			proxyType = 1;
			remoteGlobalIDString = 293D8115219BFBD2007F2156;
			remoteInfo = iOS_StartBackgroundTask;
		};
/* End PBXContainerItemProxy section */

/* Begin PBXFileReference section */
		293D8116219BFBD2007F2156 /* iOS_StartBackgroundTask.app */ = {isa = PBXFileReference; explicitFileType = wrapper.application; includeInIndex = 0; path = iOS_StartBackgroundTask.app; sourceTree = BUILT_PRODUCTS_DIR; };
		293D8119219BFBD2007F2156 /* AppDelegate.h */ = {isa = PBXFileReference; lastKnownFileType = sourcecode.c.h; path = AppDelegate.h; sourceTree = "<group>"; };
		293D811A219BFBD2007F2156 /* AppDelegate.m */ = {isa = PBXFileReference; lastKnownFileType = sourcecode.c.objc; path = AppDelegate.m; sourceTree = "<group>"; };
		293D811C219BFBD2007F2156 /* ViewController.h */ = {isa = PBXFileReference; lastKnownFileType = sourcecode.c.h; path = ViewController.h; sourceTree = "<group>"; };
		293D811D219BFBD2007F2156 /* ViewController.m */ = {isa = PBXFileReference; lastKnownFileType = sourcecode.c.objc; path = ViewController.m; sourceTree = "<group>"; };
		293D8120219BFBD2007F2156 /* Base */ = {isa = PBXFileReference; lastKnownFileType = file.storyboard; name = Base; path = Base.lproj/Main.storyboard; sourceTree = "<group>"; };
		293D8122219BFBD6007F2156 /* Assets.xcassets */ = {isa = PBXFileReference; lastKnownFileType = folder.assetcatalog; path = Assets.xcassets; sourceTree = "<group>"; };
		293D8125219BFBD6007F2156 /* Base */ = {isa = PBXFileReference; lastKnownFileType = file.storyboard; name = Base; path = Base.lproj/LaunchScreen.storyboard; sourceTree = "<group>"; };
		293D8127219BFBD6007F2156 /* Info.plist */ = {isa = PBXFileReference; lastKnownFileType = text.plist.xml; path = Info.plist; sourceTree = "<group>"; };
		293D8128219BFBD6007F2156 /* main.m */ = {isa = PBXFileReference; lastKnownFileType = sourcecode.c.objc; path = main.m; sourceTree = "<group>"; };
		293D812E219BFBD6007F2156 /* iOS_StartBackgroundTaskTests.xctest */ = {isa = PBXFileReference; explicitFileType = wrapper.cfbundle; includeInIndex = 0; path = iOS_StartBackgroundTaskTests.xctest; sourceTree = BUILT_PRODUCTS_DIR; };
		293D8132219BFBD6007F2156 /* iOS_StartBackgroundTaskTests.m */ = {isa = PBXFileReference; lastKnownFileType = sourcecode.c.objc; path = iOS_StartBackgroundTaskTests.m; sourceTree = "<group>"; };
		293D8134219BFBD6007F2156 /* Info.plist */ = {isa = PBXFileReference; lastKnownFileType = text.plist.xml; path = Info.plist; sourceTree = "<group>"; };
		293D8139219BFBD6007F2156 /* iOS_StartBackgroundTaskUITests.xctest */ = {isa = PBXFileReference; explicitFileType = wrapper.cfbundle; includeInIndex = 0; path = iOS_StartBackgroundTaskUITests.xctest; sourceTree = BUILT_PRODUCTS_DIR; };
		293D813D219BFBD6007F2156 /* iOS_StartBackgroundTaskUITests.m */ = {isa = PBXFileReference; lastKnownFileType = sourcecode.c.objc; path = iOS_StartBackgroundTaskUITests.m; sourceTree = "<group>"; };
		293D813F219BFBD6007F2156 /* Info.plist */ = {isa = PBXFileReference; lastKnownFileType = text.plist.xml; path = Info.plist; sourceTree = "<group>"; };
		293D814B219BFC03007F2156 /* BackgroundTask.h */ = {isa = PBXFileReference; lastKnownFileType = sourcecode.c.h; path = BackgroundTask.h; sourceTree = "<group>"; };
		293D814C219BFC03007F2156 /* BackgroundTask.m */ = {isa = PBXFileReference; lastKnownFileType = sourcecode.c.objc; path = BackgroundTask.m; sourceTree = "<group>"; };
/* End PBXFileReference section */

/* Begin PBXFrameworksBuildPhase section */
		293D8113219BFBD2007F2156 /* Frameworks */ = {
			isa = PBXFrameworksBuildPhase;
			buildActionMask = 2147483647;
			files = (
			);
			runOnlyForDeploymentPostprocessing = 0;
		};
		293D812B219BFBD6007F2156 /* Frameworks */ = {
			isa = PBXFrameworksBuildPhase;
			buildActionMask = 2147483647;
			files = (
			);
			runOnlyForDeploymentPostprocessing = 0;
		};
		293D8136219BFBD6007F2156 /* Frameworks */ = {
			isa = PBXFrameworksBuildPhase;
			buildActionMask = 2147483647;
			files = (
			);
			runOnlyForDeploymentPostprocessing = 0;
		};
/* End PBXFrameworksBuildPhase section */

/* Begin PBXGroup section */
		293D810D219BFBD2007F2156 = {
			isa = PBXGroup;
			children = (
				293D8118219BFBD2007F2156 /* iOS_StartBackgroundTask */,
				293D8131219BFBD6007F2156 /* iOS_StartBackgroundTaskTests */,
				293D813C219BFBD6007F2156 /* iOS_StartBackgroundTaskUITests */,
				293D8117219BFBD2007F2156 /* Products */,
			);
			sourceTree = "<group>";
		};
		293D8117219BFBD2007F2156 /* Products */ = {
			isa = PBXGroup;
			children = (
				293D8116219BFBD2007F2156 /* iOS_StartBackgroundTask.app */,
				293D812E219BFBD6007F2156 /* iOS_StartBackgroundTaskTests.xctest */,
				293D8139219BFBD6007F2156 /* iOS_StartBackgroundTaskUITests.xctest */,
			);
			name = Products;
			sourceTree = "<group>";
		};
		293D8118219BFBD2007F2156 /* iOS_StartBackgroundTask */ = {
			isa = PBXGroup;
			children = (
				293D8119219BFBD2007F2156 /* AppDelegate.h */,
				293D811A219BFBD2007F2156 /* AppDelegate.m */,
				293D811C219BFBD2007F2156 /* ViewController.h */,
				293D811D219BFBD2007F2156 /* ViewController.m */,
				293D814B219BFC03007F2156 /* BackgroundTask.h */,
				293D814C219BFC03007F2156 /* BackgroundTask.m */,
				293D811F219BFBD2007F2156 /* Main.storyboard */,
				293D8122219BFBD6007F2156 /* Assets.xcassets */,
				293D8124219BFBD6007F2156 /* LaunchScreen.storyboard */,
				293D8127219BFBD6007F2156 /* Info.plist */,
				293D8128219BFBD6007F2156 /* main.m */,
			);
			path = iOS_StartBackgroundTask;
			sourceTree = "<group>";
		};
		293D8131219BFBD6007F2156 /* iOS_StartBackgroundTaskTests */ = {
			isa = PBXGroup;
			children = (
				293D8132219BFBD6007F2156 /* iOS_StartBackgroundTaskTests.m */,
				293D8134219BFBD6007F2156 /* Info.plist */,
			);
			path = iOS_StartBackgroundTaskTests;
			sourceTree = "<group>";
		};
		293D813C219BFBD6007F2156 /* iOS_StartBackgroundTaskUITests */ = {
			isa = PBXGroup;
			children = (
				293D813D219BFBD6007F2156 /* iOS_StartBackgroundTaskUITests.m */,
				293D813F219BFBD6007F2156 /* Info.plist */,
			);
			path = iOS_StartBackgroundTaskUITests;
			sourceTree = "<group>";
		};
/* End PBXGroup section */

/* Begin PBXNativeTarget section */
		293D8115219BFBD2007F2156 /* iOS_StartBackgroundTask */ = {
			isa = PBXNativeTarget;
			buildConfigurationList = 293D8142219BFBD6007F2156 /* Build configuration list for PBXNativeTarget "iOS_StartBackgroundTask" */;
			buildPhases = (
				293D8112219BFBD2007F2156 /* Sources */,
				293D8113219BFBD2007F2156 /* Frameworks */,
				293D8114219BFBD2007F2156 /* Resources */,
			);
			buildRules = (
			);
			dependencies = (
			);
			name = iOS_StartBackgroundTask;
			productName = iOS_StartBackgroundTask;
			productReference = 293D8116219BFBD2007F2156 /* iOS_StartBackgroundTask.app */;
			productType = "com.apple.product-type.application";
		};
		293D812D219BFBD6007F2156 /* iOS_StartBackgroundTaskTests */ = {
			isa = PBXNativeTarget;
			buildConfigurationList = 293D8145219BFBD6007F2156 /* Build configuration list for PBXNativeTarget "iOS_StartBackgroundTaskTests" */;
			buildPhases = (
				293D812A219BFBD6007F2156 /* Sources */,
				293D812B219BFBD6007F2156 /* Frameworks */,
				293D812C219BFBD6007F2156 /* Resources */,
			);
			buildRules = (
			);
			dependencies = (
				293D8130219BFBD6007F2156 /* PBXTargetDependency */,
			);
			name = iOS_StartBackgroundTaskTests;
			productName = iOS_StartBackgroundTaskTests;
			productReference = 293D812E219BFBD6007F2156 /* iOS_StartBackgroundTaskTests.xctest */;
			productType = "com.apple.product-type.bundle.unit-test";
		};
		293D8138219BFBD6007F2156 /* iOS_StartBackgroundTaskUITests */ = {
			isa = PBXNativeTarget;
			buildConfigurationList = 293D8148219BFBD6007F2156 /* Build configuration list for PBXNativeTarget "iOS_StartBackgroundTaskUITests" */;
			buildPhases = (
				293D8135219BFBD6007F2156 /* Sources */,
				293D8136219BFBD6007F2156 /* Frameworks */,
				293D8137219BFBD6007F2156 /* Resources */,
			);
			buildRules = (
			);
			dependencies = (
				293D813B219BFBD6007F2156 /* PBXTargetDependency */,
			);
			name = iOS_StartBackgroundTaskUITests;
			productName = iOS_StartBackgroundTaskUITests;
			productReference = 293D8139219BFBD6007F2156 /* iOS_StartBackgroundTaskUITests.xctest */;
			productType = "com.apple.product-type.bundle.ui-testing";
		};
/* End PBXNativeTarget section */

/* Begin PBXProject section */
		293D810E219BFBD2007F2156 /* Project object */ = {
			isa = PBXProject;
			attributes = {
				LastUpgradeCheck = 0940;
				ORGANIZATIONNAME = pengjiaxin;
				TargetAttributes = {
					293D8115219BFBD2007F2156 = {
						CreatedOnToolsVersion = 9.4.1;
					};
					293D812D219BFBD6007F2156 = {
						CreatedOnToolsVersion = 9.4.1;
						TestTargetID = 293D8115219BFBD2007F2156;
					};
					293D8138219BFBD6007F2156 = {
						CreatedOnToolsVersion = 9.4.1;
						TestTargetID = 293D8115219BFBD2007F2156;
					};
				};
			};
			buildConfigurationList = 293D8111219BFBD2007F2156 /* Build configuration list for PBXProject "iOS_StartBackgroundTask" */;
			compatibilityVersion = "Xcode 9.3";
			developmentRegion = en;
			hasScannedForEncodings = 0;
			knownRegions = (
				en,
				Base,
			);
			mainGroup = 293D810D219BFBD2007F2156;
			productRefGroup = 293D8117219BFBD2007F2156 /* Products */;
			projectDirPath = "";
			projectRoot = "";
			targets = (
				293D8115219BFBD2007F2156 /* iOS_StartBackgroundTask */,
				293D812D219BFBD6007F2156 /* iOS_StartBackgroundTaskTests */,
				293D8138219BFBD6007F2156 /* iOS_StartBackgroundTaskUITests */,
			);
		};
/* End PBXProject section */

/* Begin PBXResourcesBuildPhase section */
		293D8114219BFBD2007F2156 /* Resources */ = {
			isa = PBXResourcesBuildPhase;
			buildActionMask = 2147483647;
			files = (
				293D8126219BFBD6007F2156 /* LaunchScreen.storyboard in Resources */,
				293D8123219BFBD6007F2156 /* Assets.xcassets in Resources */,
				293D8121219BFBD2007F2156 /* Main.storyboard in Resources */,
			);
			runOnlyForDeploymentPostprocessing = 0;
		};
		293D812C219BFBD6007F2156 /* Resources */ = {
			isa = PBXResourcesBuildPhase;
			buildActionMask = 2147483647;
			files = (
			);
			runOnlyForDeploymentPostprocessing = 0;
		};
		293D8137219BFBD6007F2156 /* Resources */ = {
			isa = PBXResourcesBuildPhase;
			buildActionMask = 2147483647;
			files = (
			);
			runOnlyForDeploymentPostprocessing = 0;
		};
/* End PBXResourcesBuildPhase section */

/* Begin PBXSourcesBuildPhase section */
		293D8112219BFBD2007F2156 /* Sources */ = {
			isa = PBXSourcesBuildPhase;
			buildActionMask = 2147483647;
			files = (
				293D811E219BFBD2007F2156 /* ViewController.m in Sources */,
				293D8129219BFBD6007F2156 /* main.m in Sources */,
				293D814D219BFC03007F2156 /* BackgroundTask.m in Sources */,
				293D811B219BFBD2007F2156 /* AppDelegate.m in Sources */,
			);
			runOnlyForDeploymentPostprocessing = 0;
		};
		293D812A219BFBD6007F2156 /* Sources */ = {
			isa = PBXSourcesBuildPhase;
			buildActionMask = 2147483647;
			files = (
				293D8133219BFBD6007F2156 /* iOS_StartBackgroundTaskTests.m in Sources */,
			);
			runOnlyForDeploymentPostprocessing = 0;
		};
		293D8135219BFBD6007F2156 /* Sources */ = {
			isa = PBXSourcesBuildPhase;
			buildActionMask = 2147483647;
			files = (
				293D813E219BFBD6007F2156 /* iOS_StartBackgroundTaskUITests.m in Sources */,
			);
			runOnlyForDeploymentPostprocessing = 0;
		};
/* End PBXSourcesBuildPhase section */

/* Begin PBXTargetDependency section */
		293D8130219BFBD6007F2156 /* PBXTargetDependency */ = {
			isa = PBXTargetDependency;
			target = 293D8115219BFBD2007F2156 /* iOS_StartBackgroundTask */;
			targetProxy = 293D812F219BFBD6007F2156 /* PBXContainerItemProxy */;
		};
		293D813B219BFBD6007F2156 /* PBXTargetDependency */ = {
			isa = PBXTargetDependency;
			target = 293D8115219BFBD2007F2156 /* iOS_StartBackgroundTask */;
			targetProxy = 293D813A219BFBD6007F2156 /* PBXContainerItemProxy */;
		};
/* End PBXTargetDependency section */

/* Begin PBXVariantGroup section */
		293D811F219BFBD2007F2156 /* Main.storyboard */ = {
			isa = PBXVariantGroup;
			children = (
				293D8120219BFBD2007F2156 /* Base */,
			);
			name = Main.storyboard;
			sourceTree = "<group>";
		};
		293D8124219BFBD6007F2156 /* LaunchScreen.storyboard */ = {
			isa = PBXVariantGroup;
			children = (
				293D8125219BFBD6007F2156 /* Base */,
			);
			name = LaunchScreen.storyboard;
			sourceTree = "<group>";
		};
/* End PBXVariantGroup section */

/* Begin XCBuildConfiguration section */
		293D8140219BFBD6007F2156 /* Debug */ = {
			isa = XCBuildConfiguration;
			buildSettings = {
				ALWAYS_SEARCH_USER_PATHS = NO;
				CLANG_ANALYZER_NONNULL = YES;
				CLANG_ANALYZER_NUMBER_OBJECT_CONVERSION = YES_AGGRESSIVE;
				CLANG_CXX_LANGUAGE_STANDARD = "gnu++14";
				CLANG_CXX_LIBRARY = "libc++";
				CLANG_ENABLE_MODULES = YES;
				CLANG_ENABLE_OBJC_ARC = YES;
				CLANG_ENABLE_OBJC_WEAK = YES;
				CLANG_WARN_BLOCK_CAPTURE_AUTORELEASING = YES;
				CLANG_WARN_BOOL_CONVERSION = YES;
				CLANG_WARN_COMMA = YES;
				CLANG_WARN_CONSTANT_CONVERSION = YES;
				CLANG_WARN_DEPRECATED_OBJC_IMPLEMENTATIONS = YES;
				CLANG_WARN_DIRECT_OBJC_ISA_USAGE = YES_ERROR;
				CLANG_WARN_DOCUMENTATION_COMMENTS = YES;
				CLANG_WARN_EMPTY_BODY = YES;
				CLANG_WARN_ENUM_CONVERSION = YES;
				CLANG_WARN_INFINITE_RECURSION = YES;
				CLANG_WARN_INT_CONVERSION = YES;
				CLANG_WARN_NON_LITERAL_NULL_CONVERSION = YES;
				CLANG_WARN_OBJC_IMPLICIT_RETAIN_SELF = YES;
				CLANG_WARN_OBJC_LITERAL_CONVERSION = YES;
				CLANG_WARN_OBJC_ROOT_CLASS = YES_ERROR;
				CLANG_WARN_RANGE_LOOP_ANALYSIS = YES;
				CLANG_WARN_STRICT_PROTOTYPES = YES;
				CLANG_WARN_SUSPICIOUS_MOVE = YES;
				CLANG_WARN_UNGUARDED_AVAILABILITY = YES_AGGRESSIVE;
				CLANG_WARN_UNREACHABLE_CODE = YES;
				CLANG_WARN__DUPLICATE_METHOD_MATCH = YES;
				CODE_SIGN_IDENTITY = "iPhone Developer";
				COPY_PHASE_STRIP = NO;
				DEBUG_INFORMATION_FORMAT = dwarf;
				ENABLE_STRICT_OBJC_MSGSEND = YES;
				ENABLE_TESTABILITY = YES;
				GCC_C_LANGUAGE_STANDARD = gnu11;
				GCC_DYNAMIC_NO_PIC = NO;
				GCC_NO_COMMON_BLOCKS = YES;
				GCC_OPTIMIZATION_LEVEL = 0;
				GCC_PREPROCESSOR_DEFINITIONS = (
					"DEBUG=1",
					"$(inherited)",
				);
				GCC_WARN_64_TO_32_BIT_CONVERSION = YES;
				GCC_WARN_ABOUT_RETURN_TYPE = YES_ERROR;
				GCC_WARN_UNDECLARED_SELECTOR = YES;
				GCC_WARN_UNINITIALIZED_AUTOS = YES_AGGRESSIVE;
				GCC_WARN_UNUSED_FUNCTION = YES;
				GCC_WARN_UNUSED_VARIABLE = YES;
				IPHONEOS_DEPLOYMENT_TARGET = 11.4;
				MTL_ENABLE_DEBUG_INFO = YES;
				ONLY_ACTIVE_ARCH = YES;
				SDKROOT = iphoneos;
			};
			name = Debug;
		};
		293D8141219BFBD6007F2156 /* Release */ = {
			isa = XCBuildConfiguration;
			buildSettings = {
				ALWAYS_SEARCH_USER_PATHS = NO;
				CLANG_ANALYZER_NONNULL = YES;
				CLANG_ANALYZER_NUMBER_OBJECT_CONVERSION = YES_AGGRESSIVE;
				CLANG_CXX_LANGUAGE_STANDARD = "gnu++14";
				CLANG_CXX_LIBRARY = "libc++";
				CLANG_ENABLE_MODULES = YES;
				CLANG_ENABLE_OBJC_ARC = YES;
				CLANG_ENABLE_OBJC_WEAK = YES;
				CLANG_WARN_BLOCK_CAPTURE_AUTORELEASING = YES;
				CLANG_WARN_BOOL_CONVERSION = YES;
				CLANG_WARN_COMMA = YES;
				CLANG_WARN_CONSTANT_CONVERSION = YES;
				CLANG_WARN_DEPRECATED_OBJC_IMPLEMENTATIONS = YES;
				CLANG_WARN_DIRECT_OBJC_ISA_USAGE = YES_ERROR;
				CLANG_WARN_DOCUMENTATION_COMMENTS = YES;
				CLANG_WARN_EMPTY_BODY = YES;
				CLANG_WARN_ENUM_CONVERSION = YES;
				CLANG_WARN_INFINITE_RECURSION = YES;
				CLANG_WARN_INT_CONVERSION = YES;
				CLANG_WARN_NON_LITERAL_NULL_CONVERSION = YES;
				CLANG_WARN_OBJC_IMPLICIT_RETAIN_SELF = YES;
				CLANG_WARN_OBJC_LITERAL_CONVERSION = YES;
				CLANG_WARN_OBJC_ROOT_CLASS = YES_ERROR;
				CLANG_WARN_RANGE_LOOP_ANALYSIS = YES;
				CLANG_WARN_STRICT_PROTOTYPES = YES;
				CLANG_WARN_SUSPICIOUS_MOVE = YES;
				CLANG_WARN_UNGUARDED_AVAILABILITY = YES_AGGRESSIVE;
				CLANG_WARN_UNREACHABLE_CODE = YES;
				CLANG_WARN__DUPLICATE_METHOD_MATCH = YES;
				CODE_SIGN_IDENTITY = "iPhone Developer";
				COPY_PHASE_STRIP = NO;
				DEBUG_INFORMATION_FORMAT = "dwarf-with-dsym";
				ENABLE_NS_ASSERTIONS = NO;
				ENABLE_STRICT_OBJC_MSGSEND = YES;
				GCC_C_LANGUAGE_STANDARD = gnu11;
				GCC_NO_COMMON_BLOCKS = YES;
				GCC_WARN_64_TO_32_BIT_CONVERSION = YES;
				GCC_WARN_ABOUT_RETURN_TYPE = YES_ERROR;
				GCC_WARN_UNDECLARED_SELECTOR = YES;
				GCC_WARN_UNINITIALIZED_AUTOS = YES_AGGRESSIVE;
				GCC_WARN_UNUSED_FUNCTION = YES;
				GCC_WARN_UNUSED_VARIABLE = YES;
				IPHONEOS_DEPLOYMENT_TARGET = 11.4;
				MTL_ENABLE_DEBUG_INFO = NO;
				SDKROOT = iphoneos;
				VALIDATE_PRODUCT = YES;
			};
			name = Release;
		};
		293D8143219BFBD6007F2156 /* Debug */ = {
			isa = XCBuildConfiguration;
			buildSettings = {
				ASSETCATALOG_COMPILER_APPICON_NAME = AppIcon;
				CODE_SIGN_STYLE = Automatic;
				DEVELOPMENT_TEAM = L2NDMDLR9X;
				INFOPLIST_FILE = iOS_StartBackgroundTask/Info.plist;
				LD_RUNPATH_SEARCH_PATHS = (
					"$(inherited)",
					"@executable_path/Frameworks",
				);
				PRODUCT_BUNDLE_IDENTIFIER = "com.tiancity.iOS-StartBackgroundTask";
				PRODUCT_NAME = "$(TARGET_NAME)";
				TARGETED_DEVICE_FAMILY = "1,2";
			};
			name = Debug;
		};
		293D8144219BFBD6007F2156 /* Release */ = {
			isa = XCBuildConfiguration;
			buildSettings = {
				ASSETCATALOG_COMPILER_APPICON_NAME = AppIcon;
				CODE_SIGN_STYLE = Automatic;
				DEVELOPMENT_TEAM = L2NDMDLR9X;
				INFOPLIST_FILE = iOS_StartBackgroundTask/Info.plist;
				LD_RUNPATH_SEARCH_PATHS = (
					"$(inherited)",
					"@executable_path/Frameworks",
				);
				PRODUCT_BUNDLE_IDENTIFIER = "com.tiancity.iOS-StartBackgroundTask";
				PRODUCT_NAME = "$(TARGET_NAME)";
				TARGETED_DEVICE_FAMILY = "1,2";
			};
			name = Release;
		};
		293D8146219BFBD6007F2156 /* Debug */ = {
			isa = XCBuildConfiguration;
			buildSettings = {
				BUNDLE_LOADER = "$(TEST_HOST)";
				CODE_SIGN_STYLE = Automatic;
				DEVELOPMENT_TEAM = L2NDMDLR9X;
				INFOPLIST_FILE = iOS_StartBackgroundTaskTests/Info.plist;
				LD_RUNPATH_SEARCH_PATHS = (
					"$(inherited)",
					"@executable_path/Frameworks",
					"@loader_path/Frameworks",
				);
				PRODUCT_BUNDLE_IDENTIFIER = "com.tiancity.iOS-StartBackgroundTaskTests";
				PRODUCT_NAME = "$(TARGET_NAME)";
				TARGETED_DEVICE_FAMILY = "1,2";
				TEST_HOST = "$(BUILT_PRODUCTS_DIR)/iOS_StartBackgroundTask.app/iOS_StartBackgroundTask";
			};
			name = Debug;
		};
		293D8147219BFBD6007F2156 /* Release */ = {
			isa = XCBuildConfiguration;
			buildSettings = {
				BUNDLE_LOADER = "$(TEST_HOST)";
				CODE_SIGN_STYLE = Automatic;
				DEVELOPMENT_TEAM = L2NDMDLR9X;
				INFOPLIST_FILE = iOS_StartBackgroundTaskTests/Info.plist;
				LD_RUNPATH_SEARCH_PATHS = (
					"$(inherited)",
					"@executable_path/Frameworks",
					"@loader_path/Frameworks",
				);
				PRODUCT_BUNDLE_IDENTIFIER = "com.tiancity.iOS-StartBackgroundTaskTests";
				PRODUCT_NAME = "$(TARGET_NAME)";
				TARGETED_DEVICE_FAMILY = "1,2";
				TEST_HOST = "$(BUILT_PRODUCTS_DIR)/iOS_StartBackgroundTask.app/iOS_StartBackgroundTask";
			};
			name = Release;
		};
		293D8149219BFBD6007F2156 /* Debug */ = {
			isa = XCBuildConfiguration;
			buildSettings = {
				CODE_SIGN_STYLE = Automatic;
				DEVELOPMENT_TEAM = L2NDMDLR9X;
				INFOPLIST_FILE = iOS_StartBackgroundTaskUITests/Info.plist;
				LD_RUNPATH_SEARCH_PATHS = (
					"$(inherited)",
					"@executable_path/Frameworks",
					"@loader_path/Frameworks",
				);
				PRODUCT_BUNDLE_IDENTIFIER = "com.tiancity.iOS-StartBackgroundTaskUITests";
				PRODUCT_NAME = "$(TARGET_NAME)";
				TARGETED_DEVICE_FAMILY = "1,2";
				TEST_TARGET_NAME = iOS_StartBackgroundTask;
			};
			name = Debug;
		};
		293D814A219BFBD6007F2156 /* Release */ = {
			isa = XCBuildConfiguration;
			buildSettings = {
				CODE_SIGN_STYLE = Automatic;
				DEVELOPMENT_TEAM = L2NDMDLR9X;
				INFOPLIST_FILE = iOS_StartBackgroundTaskUITests/Info.plist;
				LD_RUNPATH_SEARCH_PATHS = (
					"$(inherited)",
					"@executable_path/Frameworks",
					"@loader_path/Frameworks",
				);
				PRODUCT_BUNDLE_IDENTIFIER = "com.tiancity.iOS-StartBackgroundTaskUITests";
				PRODUCT_NAME = "$(TARGET_NAME)";
				TARGETED_DEVICE_FAMILY = "1,2";
				TEST_TARGET_NAME = iOS_StartBackgroundTask;
			};
			name = Release;
		};
/* End XCBuildConfiguration section */

/* Begin XCConfigurationList section */
		293D8111219BFBD2007F2156 /* Build configuration list for PBXProject "iOS_StartBackgroundTask" */ = {
			isa = XCConfigurationList;
			buildConfigurations = (
				293D8140219BFBD6007F2156 /* Debug */,
				293D8141219BFBD6007F2156 /* Release */,
			);
			defaultConfigurationIsVisible = 0;
			defaultConfigurationName = Release;
		};
		293D8142219BFBD6007F2156 /* Build configuration list for PBXNativeTarget "iOS_StartBackgroundTask" */ = {
			isa = XCConfigurationList;
			buildConfigurations = (
				293D8143219BFBD6007F2156 /* Debug */,
				293D8144219BFBD6007F2156 /* Release */,
			);
			defaultConfigurationIsVisible = 0;
			defaultConfigurationName = Release;
		};
		293D8145219BFBD6007F2156 /* Build configuration list for PBXNativeTarget "iOS_StartBackgroundTaskTests" */ = {
			isa = XCConfigurationList;
			buildConfigurations = (
				293D8146219BFBD6007F2156 /* Debug */,
				293D8147219BFBD6007F2156 /* Release */,
			);
			defaultConfigurationIsVisible = 0;
			defaultConfigurationName = Release;
		};
		293D8148219BFBD6007F2156 /* Build configuration list for PBXNativeTarget "iOS_StartBackgroundTaskUITests" */ = {
			isa = XCConfigurationList;
			buildConfigurations = (
				293D8149219BFBD6007F2156 /* Debug */,
				293D814A219BFBD6007F2156 /* Release */,
			);
			defaultConfigurationIsVisible = 0;
			defaultConfigurationName = Release;
		};
/* End XCConfigurationList section */
	};
	rootObject = 293D810E219BFBD2007F2156 /* Project object */;
}
